{
    "_meta": {
        "hash": {
            "sha256": "57dfbe0c4be1b1cd383325a23df3b92e8fb7c4bd94e927838f1c8b381fae885c"
        },
        "pipfile-spec": 6,
        "requires": {
            "python_version": "3.10"
        },
        "sources": [
            {
                "name": "pypi",
                "url": "https://pypi.org/simple",
                "verify_ssl": true
            }
        ]
    },
    "default": {
        "attrs": {
            "hashes": [
                "sha256:c647aa4a12dfbad9333ca4e71fe62ddc36f4e63b2d260a37a8b83d2f043ac309",
                "sha256:d03ceb89cb322a8fd706d4fb91940737b6642aa36998fe130a9bc96c985eff32"
            ],
            "markers": "python_version >= '3.9'",
            "version": "==26.1.0"
        },
        "automat": {
            "hashes": [
                "sha256:0017591a5477066e90d26b0e696ddc143baafd87b588cfac8100bc6be9634de0",
                "sha256:04e9bce696a8d5671ee698005af6e5a9fa15354140a87f4870744604dcdd3ba1"
            ],
            "markers": "python_version >= '3.9'",
            "version": "==25.4.16"
        },
        "constantly": {
            "hashes": [
                "sha256:3fd9b4d1c3dc1ec9757f3c52aef7e53ad9323dbe39f51dfd4c43853b68dfa3f9",
                "sha256:aa92b70a33e2ac0bb33cd745eb61776594dc48764b06c35e0efd050b7f1c7cbd"
            ],
            "markers": "python_version >= '3.8'",
            "version": "==23.10.4"
        },
        "hyperlink": {
            "hashes": [
                "sha256:427af957daa58bc909471c6c40f74c5450fa123dd093fc53efd2e91d2705a56b",
                "sha256:e6b14c37ecb73e89c77d78cdb4c2cc8f3fb59a885c5b3f819ff4ed80f25af1b4"
            ],
            "version": "==21.0.0"
        },
        "idna": {
            "hashes": [
                "sha256:585ea8fe5d69b9181ec1afba340451fba6ba764af97026f92a91d4eef164a242",
                "sha256:892ea0cde124a99ce773decba204c5552b69c3c67ffd5f232eb7696135bc8bb3"
            ],
            "markers": "python_version >= '3.8'",
            "version": "==3.13"
        },
        "incremental": {
            "hashes": [
                "sha256:87d3480dbb083c1d736222511a8cf380012a8176c2456d01ef483242abbbcf8c",
                "sha256:a34450716b1c4341fe6676a0598e88a39e04189f4dce5dc96f656e040baa10b3"
            ],
            "markers": "python_version >= '3.8'",
            "version": "==24.11.0"
        },
        "packaging": {
            "hashes": [
                "sha256:5fc45236b9446107ff2415ce77c807cee2862cb6fac22b8a73826d0693b0980e",
                "sha256:ff452ff5a3e828ce110190feff1178bb1f2ea2281fa2075aadb987c2fb221661"
            ],
            "markers": "python_version >= '3.8'",
            "version": "==26.2"
        },
        "setuptools": {
            "hashes": [
                "sha256:c5afc8f407c626b8313a86e10311dd3f661c6cd9c09d4bf8c15c0e11f9f2b0e6",
                "sha256:e3982f444617239225d675215d51f6ba05f845d4eec313da4418fdbb56fb27e3"
            ],
            "markers": "python_version >= '3.9'",
            "version": "==75.8.0"
        },
        "tomli": {
            "hashes": [
                "sha256:01f520d4f53ef97964a240a035ec2a869fe1a37dde002b57ebc4417a27ccd853",
                "sha256:0d85819802132122da43cb86656f8d1f8c6587d54ae7dcaf30e90533028b49fe",
                "sha256:136443dbd7e1dee43c68ac2694fde36b2849865fa258d39bf822c10e8068eac5",
                "sha256:1d8591993e228b0c930c4bb0db464bdad97b3289fb981255d6c9a41aedc84b2d",
                "sha256:2190f2e9dd7508d2a90ded5ed369255980a1bcdd58e52f7fe24b8162bf9fedbd",
                "sha256:2c1c351919aca02858f740c6d33adea0c5deea37f9ecca1cc1ef9e884a619d26",
                "sha256:36d2bd2ad5fb9eaddba5226aa02c8ec3fa4f192631e347b3ed28186d43be6b54",
                "sha256:3d48a93ee1c9b79c04bb38772ee1b64dcf18ff43085896ea460ca8dec96f35f6",
                "sha256:47149d5bd38761ac8be13a84864bf0b7b70bc051806bc3669ab1cbc56216b23c",
                "sha256:4ab97e64ccda8756376892c53a72bd1f964e519c77236368527f758fbc36a53a",
                "sha256:4b605484e43cdc43f0954ddae319fb75f04cc10dd80d830540060ee7cd0243cd",
                "sha256:504aa796fe0569bb43171066009ead363de03675276d2d121ac1a4572397870f",
                "sha256:51529d40e3ca50046d7606fa99ce3956a617f9b36380da3b7f0dd3dd28e68cb5",
                "sha256:52c8ef851d9a240f11a88c003eacb03c31fc1c9c4ec64a99a0f922b93874fda9",
                "sha256:559db847dc486944896521f68d8190be1c9e719fced785720d2216fe7022b662",
                "sha256:5a881ab208c0baf688221f8cecc5401bd291d67e38a1ac884d6736cbcd8247e9",
                "sha256:5cb41aa38891e073ee49d55fbc7839cfdb2bc0e600add13874d048c94aadddd1",
                "sha256:5e262d41726bc187e69af7825504c933b6794dc3fbd5945e41a79bb14c31f585",
                "sha256:5ee18d9ebdb417e384b58fe414e8d6af9f4e7a0ae761519fb50f721de398dd4e",
                "sha256:7008df2e7655c495dd12d2a4ad038ff878d4ca4b81fccaf82b714e07eae4402c",
                "sha256:734e20b57ba95624ecf1841e72b53f6e186355e216e5412de414e3c51e5e3c41",
                "sha256:7c7e1a961a0b2f2472c1ac5b69affa0ae1132c39adcb67aba98568702b9cc23f",
                "sha256:7f86fd587c4ed9dd76f318225e7d9b29cfc5a9d43de44e5754db8d1128487085",
                "sha256:7f94b27a62cfad8496c8d2513e1a222dd446f095fca8987fceef261225538a15",
                "sha256:88dceee75c2c63af144e456745e10101eb67361050196b0b6af5d717254dddf7",
                "sha256:8a650c2dbafa08d42e51ba0b62740dae4ecb9338eefa093aa5c78ceb546fcd5c",
                "sha256:8d65a2fbf9d2f8352685bc1364177ee3923d6baf5e7f43ea4959d7d8bc326a36",
                "sha256:96481a5786729fd470164b47cdb3e0e58062a496f455ee41b4403be77cb5a076",
                "sha256:a120733b01c45e9a0c34aeef92bf0cf1d56cfe81ed9d47d562f9ed591a9828ac",
                "sha256:b1d22e6e9387bf4739fbe23bfa80e93f6b0373a7f1b96c6227c32bef95a4d7a8",
                "sha256:b8c198f8c1805dc42708689ed6864951fd2494f924149d3e4bce7710f8eb5232",
                "sha256:c2541745709bad0264b7d4705ad453b76ccd191e64aa6f0fc66b69a293a45ece",
                "sha256:c742f741d58a28940ce01d58f0ab2ea3ced8b12402f162f4d534dfe18ba1cd6a",
                "sha256:c7f2c7f2b9ca6bdeef8f0fa897f8e05085923eb091721675170254cbc5b02897",
                "sha256:d312ef37c91508b0ab2cee7da26ec0b3ed2f03ce12bd87a588d771ae15dcf82d",
                "sha256:d4d8fe59808a54658fcc0160ecfb1b30f9089906c50b23bcb4c69eddc19ec2b4",
                "sha256:da25dc3563bff5965356133435b757a795a17b17d01dbc0f42fb32447ddfd917",
                "sha256:eab21f45c7f66c13f2a9e0e1535309cee140182a9cdae1e041d02e47291e8396",
                "sha256:eb0dc4e38e6a1fd579e5d50369aa2e10acfc9cace504579b2faabb478e76941a",
                "sha256:ec9bfaf3ad2df51ace80688143a6a4ebc09a248f6ff781a9945e51937008fcbc",
                "sha256:ede3e6487c5ef5d28634ba3f31f989030ad6af71edfb0055cbbd14189ff240ba",
                "sha256:f3c6818a1a86dd6dca7ddcaaf76947d5ba31aecc28cb1b67009a5877c9a64f3f",
                "sha256:f758f1b9299d059cc3f6546ae2af89670cb1c4d48ea29c3cacc4fe7de3058257",
                "sha256:f8f0fc26ec2cc2b965b7a3b87cd19c5c6b8c5e5f436b984e85f486d652285c30",
                "sha256:fd0409a3653af6c147209d267a0e4243f0ae46b011aa978b1080359fddc9b6cf",
                "sha256:ff18e6a727ee0ab0388507b89d1bc6a22b138d1e2fa56d1ad494586d61d2eae9",
                "sha256:ff2983983d34813c1aeb0fa89091e76c3a22889ee83ab27c5eeb45100560c049"
            ],
            "markers": "python_version >= '3.8'",
            "version": "==2.4.1"
        },
        "twisted": {
            "hashes": [
                "sha256:41eeb62a7f2688c634f7a1af76e225c58da48f8af1640fcb285ce386a96889e2",
                "sha256:d1db6c391a1b6e70028c3212298178621db149a6f75555f6503da557c763406d"
            ],
            "index": "pypi",
            "markers": "python_full_version >= '3.9.12'",
            "version": "==26.4.0rc2"
        },
        "typing-extensions": {
            "hashes": [
                "sha256:0cea48d173cc12fa28ecabc3b837ea3cf6f38c6d1136f85cbaaf598984861466",
                "sha256:f0fa19c6845758ab08074a0cfa8b7aecb71c999ca73d62883bc25cc018c4e548"
            ],
            "markers": "python_version >= '3.9'",
            "version": "==4.15.0"
        },
        "zope-interface": {
            "hashes": [
                "sha256:049ba3c7b38cc400ae08e011617635706e0f442e1d075db1b015246fcbf6091e",
                "sha256:04c2c9b58e9c177628715d85e94834efa807c1f9f0a2f57ae0f7b553e8266ac4",
                "sha256:0d88c1f106a4f06e074a3ada2d20f4a602e3f2871c4f55726ed5d91e94ec19b1",
                "sha256:265bad2df2ec070f23ff863249a89b408b11908fd4207662781fd18e3c6fc912",
                "sha256:29f09ec8bda65f7b30294328070070a2590b90f252f834ee0817cdb0e2c35f6a",
                "sha256:2bc388cebcb753d21eaf2a0481fd6f0ce6840a47300a40dcec0b56bac27d0f97",
                "sha256:2e9e4aa33b76877af903d5532545e64d24ade0f6f80d9d1a31e6efcea76a60bc",
                "sha256:36c575356732d59ffd3279ad67e302a6fe517e67db5b061b36b377ee0fa016c4",
                "sha256:376d0ef005a131b349e2088e302aa094fa23c826d2ec8a7db4b00fb33c71e0d9",
                "sha256:3e5866917ccb57d929e515a1136d729bd3fa4f367965fb16e38a4bc72cb05521",
                "sha256:415de524326ddd61a78f0816f65942fa1aa35dced19e72579ad30dd106ce523e",
                "sha256:4713bf651ec36e7eea49d2ace4f0e89bec2b33a339674874b1121f2537edc62a",
                "sha256:4ae6a1e111642dbf724f635424dcaf5a5c8abbde49eac3f452f5323ffaa10232",
                "sha256:5ec1a56b6cf9a757cbbce9da38284a01473b92b96c1517eabd99150f51f1bb69",
                "sha256:7cbb887fdbfaacb4c362dbb487033551646e28013ad5ffe72e96eb260003a1a1",
                "sha256:81ed23698bfb588c48b1756129814b890febac971ff6c8a414f82601773145bb",
                "sha256:84064876ed96ddd0744e3ad5d37134c758d77885e54113567792671405a02bac",
                "sha256:8544081e32b515bbaf1c6339eef06b23ed470cf4876ff2f575803f82a744cc43",
                "sha256:892b4b5350e58d6914858f58eb85d39fe9b992640ac6ece695f46c978046554d",
                "sha256:8b302f955c36e924e1f4fe70dd9105ff06235857861c6ae72c3b10b016aeee99",
                "sha256:8b733af6e89a2b0b8edf5ff7a37988fe4e1788806e84e72127b88c47858f0da6",
                "sha256:8d683267a6243526869cb69677dcfc663416d5f87904c1576ddec6e420687d51",
                "sha256:9c4ac009c2c8e43283842f80387c4d4b41bcbc293391c3b9ab71532ae1ccc301",
                "sha256:9dbee7925a23aa6349738892c911019d4095a96cff487b743482073ecbc174a8",
                "sha256:a5638c6be715116d3453e6d099c299c6844d54810de7445ce116424e905ede06",
                "sha256:b8147b40bfcd53803870a9519e0879ff066aeecc2fcff8295663c1b17fc38dc2",
                "sha256:caffd033b27e311b45e15f01923cc9e73c6bfd8e843b4532e29b59ee432bf893",
                "sha256:cd55965d715413038774aead54851bc3dbdd74a69f3ce30252182a94407b9905",
                "sha256:d934497c4b72d5f528d2b5ebe9b8b5a7004b5877948ebd4ea00c2432fb27178f",
                "sha256:e0b9d7e958657fad414f8272afcdf0b8a873fbbb2bb6a6287232d2f11a232bf8",
                "sha256:e195e76767847afb5379ffd67690c17d3c6efdab58dc0e477cf81ac94d5a5a15",
                "sha256:eef0a49e041f4dc4d2a6ab894b4fd0c5354e0e8037e731fb953531e59b0d3d33",
                "sha256:f00fd65343d2a241a2b17688a12f5e815aa704ed64f9ca375de5f9e0ae9c9bda",
                "sha256:f1f854bef8bc137519e4413bcc1322d55faad28b20b3ca39f7bec49d2f1b26df",
                "sha256:fa0a26d5767087170b3da9ff503221d535ea266bf61b522d0afa2590fd05db0a"
            ],
            "markers": "python_version >= '3.10'",
            "version": "==8.4"
        }
    },
    "develop": {}
}
