{
    "_meta": {
        "hash": {
            "sha256": "57dfbe0c4be1b1cd383325a23df3b92e8fb7c4bd94e927838f1c8b381fae885c"
        },
        "pipfile-spec": 6,
        "requires": {
            "python_version": "3.10"
        },
        "sources": [
            {
                "name": "pypi",
                "url": "https://pypi.org/simple",
                "verify_ssl": true
            }
        ]
    },
    "default": {
        "attrs": {
            "hashes": [
                "sha256:1c97078a80c814273a76b2a298a932eb681c87415c11dee0a6921de7f1b02c3e",
                "sha256:c75a69e28a550a7e93789579c22aa26b0f5b83b75dc4e08fe092980051e1090a"
            ],
            "markers": "python_version >= '3.8'",
            "version": "==25.1.0"
        },
        "automat": {
            "hashes": [
                "sha256:b34227cf63f6325b8ad2399ede780675083e439b20c323d376373d8ee6306d88",
                "sha256:bf029a7bc3da1e2c24da2343e7598affaa9f10bf0ab63ff808566ce90551e02a"
            ],
            "markers": "python_version >= '3.8'",
            "version": "==24.8.1"
        },
        "constantly": {
            "hashes": [
                "sha256:3fd9b4d1c3dc1ec9757f3c52aef7e53ad9323dbe39f51dfd4c43853b68dfa3f9",
                "sha256:aa92b70a33e2ac0bb33cd745eb61776594dc48764b06c35e0efd050b7f1c7cbd"
            ],
            "markers": "python_version >= '3.8'",
            "version": "==23.10.4"
        },
        "hyperlink": {
            "hashes": [
                "sha256:427af957daa58bc909471c6c40f74c5450fa123dd093fc53efd2e91d2705a56b",
                "sha256:e6b14c37ecb73e89c77d78cdb4c2cc8f3fb59a885c5b3f819ff4ed80f25af1b4"
            ],
            "version": "==21.0.0"
        },
        "idna": {
            "hashes": [
                "sha256:048adeaf8c2d788c40fee287673ccaa74c24ffd8dcf09ffa555a2fbb59f10ac8",
                "sha256:ca962446ea538f7092a95e057da437618e886f4d349216d2b1e294abfdb65fdc"
            ],
            "index": "pypi",
            "markers": "python_version >= '3.8'",
            "version": "==3.15"
        },
        "incremental": {
            "hashes": [
                "sha256:8cb2c3431530bec48ad70513931a760f446ad6c25e8333ca5d95e24b0ed7b8fe",
                "sha256:fb4f1d47ee60efe87d4f6f0ebb5f70b9760db2b2574c59c8e8912be4ebd464c9"
            ],
            "markers": "python_version >= '3.8'",
            "version": "==24.7.2"
        },
        "setuptools": {
            "hashes": [
                "sha256:c5afc8f407c626b8313a86e10311dd3f661c6cd9c09d4bf8c15c0e11f9f2b0e6",
                "sha256:e3982f444617239225d675215d51f6ba05f845d4eec313da4418fdbb56fb27e3"
            ],
            "markers": "python_version >= '3.9'",
            "version": "==75.8.0"
        },
        "tomli": {
            "hashes": [
                "sha256:023aa114dd824ade0100497eb2318602af309e5a55595f76b626d6d9f3b7b0a6",
                "sha256:02abe224de6ae62c19f090f68da4e27b10af2b93213d36cf44e6e1c5abd19fdd",
                "sha256:286f0ca2ffeeb5b9bd4fcc8d6c330534323ec51b2f52da063b11c502da16f30c",
                "sha256:2d0f2fdd22b02c6d81637a3c95f8cd77f995846af7414c5c4b8d0545afa1bc4b",
                "sha256:33580bccab0338d00994d7f16f4c4ec25b776af3ffaac1ed74e0b3fc95e885a8",
                "sha256:400e720fe168c0f8521520190686ef8ef033fb19fc493da09779e592861b78c6",
                "sha256:40741994320b232529c802f8bc86da4e1aa9f413db394617b9a256ae0f9a7f77",
                "sha256:465af0e0875402f1d226519c9904f37254b3045fc5084697cefb9bdde1ff99ff",
                "sha256:4a8f6e44de52d5e6c657c9fe83b562f5f4256d8ebbfe4ff922c495620a7f6cea",
                "sha256:4e340144ad7ae1533cb897d406382b4b6fede8890a03738ff1683af800d54192",
                "sha256:678e4fa69e4575eb77d103de3df8a895e1591b48e740211bd1067378c69e8249",
                "sha256:6972ca9c9cc9f0acaa56a8ca1ff51e7af152a9f87fb64623e31d5c83700080ee",
                "sha256:7fc04e92e1d624a4a63c76474610238576942d6b8950a2d7f908a340494e67e4",
                "sha256:889f80ef92701b9dbb224e49ec87c645ce5df3fa2cc548664eb8a25e03127a98",
                "sha256:8d57ca8095a641b8237d5b079147646153d22552f1c637fd3ba7f4b0b29167a8",
                "sha256:8dd28b3e155b80f4d54beb40a441d366adcfe740969820caf156c019fb5c7ec4",
                "sha256:9316dc65bed1684c9a98ee68759ceaed29d229e985297003e494aa825ebb0281",
                "sha256:a198f10c4d1b1375d7687bc25294306e551bf1abfa4eace6650070a5c1ae2744",
                "sha256:a38aa0308e754b0e3c67e344754dff64999ff9b513e691d0e786265c93583c69",
                "sha256:a92ef1a44547e894e2a17d24e7557a5e85a9e1d0048b0b5e7541f76c5032cb13",
                "sha256:ac065718db92ca818f8d6141b5f66369833d4a80a9d74435a268c52bdfa73140",
                "sha256:b82ebccc8c8a36f2094e969560a1b836758481f3dc360ce9a3277c65f374285e",
                "sha256:c954d2250168d28797dd4e3ac5cf812a406cd5a92674ee4c8f123c889786aa8e",
                "sha256:cb55c73c5f4408779d0cf3eef9f762b9c9f147a77de7b258bef0a5628adc85cc",
                "sha256:cd45e1dc79c835ce60f7404ec8119f2eb06d38b1deba146f07ced3bbc44505ff",
                "sha256:d3f5614314d758649ab2ab3a62d4f2004c825922f9e370b29416484086b264ec",
                "sha256:d920f33822747519673ee656a4b6ac33e382eca9d331c87770faa3eef562aeb2",
                "sha256:db2b95f9de79181805df90bedc5a5ab4c165e6ec3fe99f970d0e302f384ad222",
                "sha256:e59e304978767a54663af13c07b3d1af22ddee3bb2fb0618ca1593e4f593a106",
                "sha256:e85e99945e688e32d5a35c1ff38ed0b3f41f43fad8df0bdf79f72b2ba7bc5272",
                "sha256:ece47d672db52ac607a3d9599a9d48dcb2f2f735c6c2d1f34130085bb12b112a",
                "sha256:f4039b9cbc3048b2416cc57ab3bda989a6fcf9b36cf8937f01a6e731b64f80d7"
            ],
            "markers": "python_version >= '3.8'",
            "version": "==2.2.1"
        },
        "twisted": {
            "hashes": [
                "sha256:695d0556d5ec579dcc464d2856b634880ed1319f45b10d19043f2b57eb0115b5",
                "sha256:fe403076c71f04d5d2d789a755b687c5637ec3bcd3b2b8252d76f2ba65f54261"
            ],
            "index": "pypi",
            "markers": "python_full_version >= '3.8.0'",
            "version": "==24.11.0"
        },
        "typing-extensions": {
            "hashes": [
                "sha256:04e5ca0351e0f3f85c6853954072df659d0d13fac324d0072316b67d7794700d",
                "sha256:1a7ead55c7e559dd4dee8856e3a88b41225abfe1ce8df57b7c13915fe121ffb8"
            ],
            "markers": "python_version >= '3.8'",
            "version": "==4.12.2"
        },
        "zope-interface": {
            "hashes": [
                "sha256:033b3923b63474800b04cba480b70f6e6243a62208071fc148354f3f89cc01b7",
                "sha256:05b910a5afe03256b58ab2ba6288960a2892dfeef01336dc4be6f1b9ed02ab0a",
                "sha256:086ee2f51eaef1e4a52bd7d3111a0404081dadae87f84c0ad4ce2649d4f708b7",
                "sha256:0ef9e2f865721553c6f22a9ff97da0f0216c074bd02b25cf0d3af60ea4d6931d",
                "sha256:1090c60116b3da3bfdd0c03406e2f14a1ff53e5771aebe33fec1edc0a350175d",
                "sha256:144964649eba4c5e4410bb0ee290d338e78f179cdbfd15813de1a664e7649b3b",
                "sha256:15398c000c094b8855d7d74f4fdc9e73aa02d4d0d5c775acdef98cdb1119768d",
                "sha256:1909f52a00c8c3dcab6c4fad5d13de2285a4b3c7be063b239b8dc15ddfb73bd2",
                "sha256:21328fcc9d5b80768bf051faa35ab98fb979080c18e6f84ab3f27ce703bce465",
                "sha256:224b7b0314f919e751f2bca17d15aad00ddbb1eadf1cb0190fa8175edb7ede62",
                "sha256:25e6a61dcb184453bb00eafa733169ab6d903e46f5c2ace4ad275386f9ab327a",
                "sha256:27f926f0dcb058211a3bb3e0e501c69759613b17a553788b2caeb991bed3b61d",
                "sha256:29caad142a2355ce7cfea48725aa8bcf0067e2b5cc63fcf5cd9f97ad12d6afb5",
                "sha256:2ad9913fd858274db8dd867012ebe544ef18d218f6f7d1e3c3e6d98000f14b75",
                "sha256:31d06db13a30303c08d61d5fb32154be51dfcbdb8438d2374ae27b4e069aac40",
                "sha256:3e0350b51e88658d5ad126c6a57502b19d5f559f6cb0a628e3dc90442b53dd98",
                "sha256:3f6771d1647b1fc543d37640b45c06b34832a943c80d1db214a37c31161a93f1",
                "sha256:4893395d5dd2ba655c38ceb13014fd65667740f09fa5bb01caa1e6284e48c0cd",
                "sha256:52e446f9955195440e787596dccd1411f543743c359eeb26e9b2c02b077b0519",
                "sha256:550f1c6588ecc368c9ce13c44a49b8d6b6f3ca7588873c679bd8fd88a1b557b6",
                "sha256:72cd1790b48c16db85d51fbbd12d20949d7339ad84fd971427cf00d990c1f137",
                "sha256:7bd449c306ba006c65799ea7912adbbfed071089461a19091a228998b82b1fdb",
                "sha256:7dc5016e0133c1a1ec212fc87a4f7e7e562054549a99c73c8896fa3a9e80cbc7",
                "sha256:802176a9f99bd8cc276dcd3b8512808716492f6f557c11196d42e26c01a69a4c",
                "sha256:80ecf2451596f19fd607bb09953f426588fc1e79e93f5968ecf3367550396b22",
                "sha256:8b49f1a3d1ee4cdaf5b32d2e738362c7f5e40ac8b46dd7d1a65e82a4872728fe",
                "sha256:8e7da17f53e25d1a3bde5da4601e026adc9e8071f9f6f936d0fe3fe84ace6d54",
                "sha256:a102424e28c6b47c67923a1f337ede4a4c2bba3965b01cf707978a801fc7442c",
                "sha256:a19a6cc9c6ce4b1e7e3d319a473cf0ee989cbbe2b39201d7c19e214d2dfb80c7",
                "sha256:a71a5b541078d0ebe373a81a3b7e71432c61d12e660f1d67896ca62d9628045b",
                "sha256:baf95683cde5bc7d0e12d8e7588a3eb754d7c4fa714548adcd96bdf90169f021",
                "sha256:cab15ff4832580aa440dc9790b8a6128abd0b88b7ee4dd56abacbc52f212209d",
                "sha256:ce290e62229964715f1011c3dbeab7a4a1e4971fd6f31324c4519464473ef9f2",
                "sha256:d3a8ffec2a50d8ec470143ea3d15c0c52d73df882eef92de7537e8ce13475e8a",
                "sha256:e204937f67b28d2dca73ca936d3039a144a081fc47a07598d44854ea2a106239",
                "sha256:eb23f58a446a7f09db85eda09521a498e109f137b85fb278edb2e34841055398",
                "sha256:f6dd02ec01f4468da0f234da9d9c8545c5412fef80bc590cc51d8dd084138a89"
            ],
            "markers": "python_version >= '3.8'",
            "version": "==7.2"
        }
    },
    "develop": {}
}
